
Microsoft Visual Studio Solution File, Format Version 12.00
# Visual Studio Version 16
VisualStudioVersion = 16.0.29926.136
MinimumVisualStudioVersion = 10.0.40219.1
Project("{2150E333-8FDC-42A3-9474-1A3956D46DE8}") = "Network", "Network", "{58FB2B3D-CF9D-42E8-ACDA-E5B4AB5C206E}"
EndProject
Project("{2150E333-8FDC-42A3-9474-1A3956D46DE8}") = "NetSet", "NetSet", "{F73D94FE-2C39-43EB-B79B-4140FE3BE27E}"
EndProject
Project("{FAE04EC0-301F-11D3-BF4B-00C04F79EFBC}") = "SN.NetSet.Entities", "SN.NetSet.Entities\SN.NetSet.Entities.csproj", "{319E0FA3-55F7-48E7-B61D-160D06FE6D16}"
EndProject
Project("{FAE04EC0-301F-11D3-BF4B-00C04F79EFBC}") = "SN.NetSet.Business", "SN.NetSet.Business\SN.NetSet.Business.csproj", "{B29E88C0-8185-4614-81E2-4A90535D0CFD}"
EndProject
Project("{FAE04EC0-301F-11D3-BF4B-00C04F79EFBC}") = "SN.NetSet.DataAccess", "SN.NetSet.DataAccess\SN.NetSet.DataAccess.csproj", "{36C501D1-1552-4A61-8524-125F1C0B2BB5}"
EndProject
Project("{FAE04EC0-301F-11D3-BF4B-00C04F79EFBC}") = "SN.NetSet.UnitTest", "SN.NetSet.UnitTest\SN.NetSet.UnitTest.csproj", "{6C1FF55E-1187-4227-B836-4AAFFFE63227}"
EndProject
Project("{2150E333-8FDC-42A3-9474-1A3956D46DE8}") = "Library", "Library", "{962E0CFF-C1A2-46CE-BB63-CEFB4D449407}"
EndProject
Project("{9A19103F-16F7-4668-BE54-9A1E7A4F7556}") = "SN.Data", "SN.Data\SN.Data.csproj", "{947355DF-DFC5-41E5-9E15-E6AC5AF12810}"
EndProject
Project("{9A19103F-16F7-4668-BE54-9A1E7A4F7556}") = "SN.Class", "SN.Class\SN.Class.csproj", "{BEA351B9-CBDE-4196-A96A-A5AA8AFFF25D}"
EndProject
Project("{9A19103F-16F7-4668-BE54-9A1E7A4F7556}") = "SN.Network", "SN.Network\SN.Network.csproj", "{D34D8676-B9EC-4910-A389-2A8DD0BF8333}"
EndProject
Project("{9A19103F-16F7-4668-BE54-9A1E7A4F7556}") = "SN.Cmd", "SN.Cmd\SN.Cmd.csproj", "{309D6963-2877-4C4A-A192-15A38F6374F1}"
EndProject
Project("{FAE04EC0-301F-11D3-BF4B-00C04F79EFBC}") = "SN.Regedit", "SN.Regedit\SN.Regedit.csproj", "{EF215FA4-1C94-4357-AD53-69C5D2C90975}"
EndProject
Project("{FAE04EC0-301F-11D3-BF4B-00C04F79EFBC}") = "SN.NetSet.ConsoleTest", "SN.NetSet.ConsoleTest\SN.NetSet.ConsoleTest.csproj", "{B8A85136-1DE2-4D61-A115-EDBF7AE62E5E}"
EndProject
Global
	GlobalSection(SolutionConfigurationPlatforms) = preSolution
		Debug|Any CPU = Debug|Any CPU
		Release|Any CPU = Release|Any CPU
	EndGlobalSection
	GlobalSection(ProjectConfigurationPlatforms) = postSolution
		{319E0FA3-55F7-48E7-B61D-160D06FE6D16}.Debug|Any CPU.ActiveCfg = Debug|Any CPU
		{319E0FA3-55F7-48E7-B61D-160D06FE6D16}.Debug|Any CPU.Build.0 = Debug|Any CPU
		{319E0FA3-55F7-48E7-B61D-160D06FE6D16}.Release|Any CPU.ActiveCfg = Release|Any CPU
		{319E0FA3-55F7-48E7-B61D-160D06FE6D16}.Release|Any CPU.Build.0 = Release|Any CPU
		{B29E88C0-8185-4614-81E2-4A90535D0CFD}.Debug|Any CPU.ActiveCfg = Debug|Any CPU
		{B29E88C0-8185-4614-81E2-4A90535D0CFD}.Debug|Any CPU.Build.0 = Debug|Any CPU
		{B29E88C0-8185-4614-81E2-4A90535D0CFD}.Release|Any CPU.ActiveCfg = Release|Any CPU
		{B29E88C0-8185-4614-81E2-4A90535D0CFD}.Release|Any CPU.Build.0 = Release|Any CPU
		{36C501D1-1552-4A61-8524-125F1C0B2BB5}.Debug|Any CPU.ActiveCfg = Debug|Any CPU
		{36C501D1-1552-4A61-8524-125F1C0B2BB5}.Debug|Any CPU.Build.0 = Debug|Any CPU
		{36C501D1-1552-4A61-8524-125F1C0B2BB5}.Release|Any CPU.ActiveCfg = Release|Any CPU
		{36C501D1-1552-4A61-8524-125F1C0B2BB5}.Release|Any CPU.Build.0 = Release|Any CPU
		{6C1FF55E-1187-4227-B836-4AAFFFE63227}.Debug|Any CPU.ActiveCfg = Debug|Any CPU
		{6C1FF55E-1187-4227-B836-4AAFFFE63227}.Debug|Any CPU.Build.0 = Debug|Any CPU
		{6C1FF55E-1187-4227-B836-4AAFFFE63227}.Release|Any CPU.ActiveCfg = Release|Any CPU
		{6C1FF55E-1187-4227-B836-4AAFFFE63227}.Release|Any CPU.Build.0 = Release|Any CPU
		{947355DF-DFC5-41E5-9E15-E6AC5AF12810}.Debug|Any CPU.ActiveCfg = Debug|Any CPU
		{947355DF-DFC5-41E5-9E15-E6AC5AF12810}.Debug|Any CPU.Build.0 = Debug|Any CPU
		{947355DF-DFC5-41E5-9E15-E6AC5AF12810}.Release|Any CPU.ActiveCfg = Release|Any CPU
		{947355DF-DFC5-41E5-9E15-E6AC5AF12810}.Release|Any CPU.Build.0 = Release|Any CPU
		{BEA351B9-CBDE-4196-A96A-A5AA8AFFF25D}.Debug|Any CPU.ActiveCfg = Debug|Any CPU
		{BEA351B9-CBDE-4196-A96A-A5AA8AFFF25D}.Debug|Any CPU.Build.0 = Debug|Any CPU
		{BEA351B9-CBDE-4196-A96A-A5AA8AFFF25D}.Release|Any CPU.ActiveCfg = Release|Any CPU
		{BEA351B9-CBDE-4196-A96A-A5AA8AFFF25D}.Release|Any CPU.Build.0 = Release|Any CPU
		{D34D8676-B9EC-4910-A389-2A8DD0BF8333}.Debug|Any CPU.ActiveCfg = Debug|Any CPU
		{D34D8676-B9EC-4910-A389-2A8DD0BF8333}.Debug|Any CPU.Build.0 = Debug|Any CPU
		{D34D8676-B9EC-4910-A389-2A8DD0BF8333}.Release|Any CPU.ActiveCfg = Release|Any CPU
		{D34D8676-B9EC-4910-A389-2A8DD0BF8333}.Release|Any CPU.Build.0 = Release|Any CPU
		{309D6963-2877-4C4A-A192-15A38F6374F1}.Debug|Any CPU.ActiveCfg = Debug|Any CPU
		{309D6963-2877-4C4A-A192-15A38F6374F1}.Debug|Any CPU.Build.0 = Debug|Any CPU
		{309D6963-2877-4C4A-A192-15A38F6374F1}.Release|Any CPU.ActiveCfg = Release|Any CPU
		{309D6963-2877-4C4A-A192-15A38F6374F1}.Release|Any CPU.Build.0 = Release|Any CPU
		{EF215FA4-1C94-4357-AD53-69C5D2C90975}.Debug|Any CPU.ActiveCfg = Debug|Any CPU
		{EF215FA4-1C94-4357-AD53-69C5D2C90975}.Debug|Any CPU.Build.0 = Debug|Any CPU
		{EF215FA4-1C94-4357-AD53-69C5D2C90975}.Release|Any CPU.ActiveCfg = Release|Any CPU
		{EF215FA4-1C94-4357-AD53-69C5D2C90975}.Release|Any CPU.Build.0 = Release|Any CPU
		{B8A85136-1DE2-4D61-A115-EDBF7AE62E5E}.Debug|Any CPU.ActiveCfg = Debug|Any CPU
		{B8A85136-1DE2-4D61-A115-EDBF7AE62E5E}.Debug|Any CPU.Build.0 = Debug|Any CPU
		{B8A85136-1DE2-4D61-A115-EDBF7AE62E5E}.Release|Any CPU.ActiveCfg = Release|Any CPU
		{B8A85136-1DE2-4D61-A115-EDBF7AE62E5E}.Release|Any CPU.Build.0 = Release|Any CPU
	EndGlobalSection
	GlobalSection(SolutionProperties) = preSolution
		HideSolutionNode = FALSE
	EndGlobalSection
	GlobalSection(NestedProjects) = preSolution
		{F73D94FE-2C39-43EB-B79B-4140FE3BE27E} = {58FB2B3D-CF9D-42E8-ACDA-E5B4AB5C206E}
		{319E0FA3-55F7-48E7-B61D-160D06FE6D16} = {F73D94FE-2C39-43EB-B79B-4140FE3BE27E}
		{B29E88C0-8185-4614-81E2-4A90535D0CFD} = {F73D94FE-2C39-43EB-B79B-4140FE3BE27E}
		{36C501D1-1552-4A61-8524-125F1C0B2BB5} = {F73D94FE-2C39-43EB-B79B-4140FE3BE27E}
		{6C1FF55E-1187-4227-B836-4AAFFFE63227} = {F73D94FE-2C39-43EB-B79B-4140FE3BE27E}
		{947355DF-DFC5-41E5-9E15-E6AC5AF12810} = {962E0CFF-C1A2-46CE-BB63-CEFB4D449407}
		{BEA351B9-CBDE-4196-A96A-A5AA8AFFF25D} = {962E0CFF-C1A2-46CE-BB63-CEFB4D449407}
		{D34D8676-B9EC-4910-A389-2A8DD0BF8333} = {962E0CFF-C1A2-46CE-BB63-CEFB4D449407}
		{309D6963-2877-4C4A-A192-15A38F6374F1} = {962E0CFF-C1A2-46CE-BB63-CEFB4D449407}
		{EF215FA4-1C94-4357-AD53-69C5D2C90975} = {962E0CFF-C1A2-46CE-BB63-CEFB4D449407}
		{B8A85136-1DE2-4D61-A115-EDBF7AE62E5E} = {F73D94FE-2C39-43EB-B79B-4140FE3BE27E}
	EndGlobalSection
	GlobalSection(ExtensibilityGlobals) = postSolution
		SolutionGuid = {6BBD6261-91D6-4D1A-8BB5-17BD1212B472}
	EndGlobalSection
EndGlobal
